
Microsoft Visual Studio Solution File, Format Version 11.00
# Visual Studio 2010
Project("{FAE04EC0-301F-11D3-BF4B-00C04F79EFBC}") = "CommonwealthBank", "CommonwealthBank\CommonwealthBank.csproj", "{26EBE86D-B45D-4D42-9794-E00D656E7421}"
EndProject
Project("{FAE04EC0-301F-11D3-BF4B-00C04F79EFBC}") = "CommonwealthBank.Agent", "CommonwealthBank.Agent\CommonwealthBank.Agent.csproj", "{CACE03BD-E92D-47D6-8E04-DAD373F49031}"
EndProject
Project("{FAE04EC0-301F-11D3-BF4B-00C04F79EFBC}") = "CommonwealthBank.Logic", "CommonwealthBank.Logic\CommonwealthBank.Logic.csproj", "{B0995A78-B445-42FC-8A0C-542C45DBF3DA}"
EndProject
Global
	GlobalSection(SolutionConfigurationPlatforms) = preSolution
		Debug|Any CPU = Debug|Any CPU
		Release|Any CPU = Release|Any CPU
	EndGlobalSection
	GlobalSection(ProjectConfigurationPlatforms) = postSolution
		{B0995A78-B445-42FC-8A0C-542C45DBF3DA}.Debug|Any CPU.ActiveCfg = Debug|Any CPU
		{B0995A78-B445-42FC-8A0C-542C45DBF3DA}.Debug|Any CPU.Build.0 = Debug|Any CPU
		{B0995A78-B445-42FC-8A0C-542C45DBF3DA}.Release|Any CPU.ActiveCfg = Release|Any CPU
		{B0995A78-B445-42FC-8A0C-542C45DBF3DA}.Release|Any CPU.Build.0 = Release|Any CPU
		{CACE03BD-E92D-47D6-8E04-DAD373F49031}.Debug|Any CPU.ActiveCfg = Debug|Any CPU
		{CACE03BD-E92D-47D6-8E04-DAD373F49031}.Debug|Any CPU.Build.0 = Debug|Any CPU
		{CACE03BD-E92D-47D6-8E04-DAD373F49031}.Release|Any CPU.ActiveCfg = Release|Any CPU
		{CACE03BD-E92D-47D6-8E04-DAD373F49031}.Release|Any CPU.Build.0 = Release|Any CPU
		{26EBE86D-B45D-4D42-9794-E00D656E7421}.Debug|Any CPU.ActiveCfg = Debug|Any CPU
		{26EBE86D-B45D-4D42-9794-E00D656E7421}.Debug|Any CPU.Build.0 = Debug|Any CPU
		{26EBE86D-B45D-4D42-9794-E00D656E7421}.Debug|Any CPU.Deploy.0 = Debug|Any CPU
		{26EBE86D-B45D-4D42-9794-E00D656E7421}.Release|Any CPU.ActiveCfg = Release|Any CPU
		{26EBE86D-B45D-4D42-9794-E00D656E7421}.Release|Any CPU.Build.0 = Release|Any CPU
		{26EBE86D-B45D-4D42-9794-E00D656E7421}.Release|Any CPU.Deploy.0 = Release|Any CPU
	EndGlobalSection
	GlobalSection(SolutionProperties) = preSolution
		HideSolutionNode = FALSE
	EndGlobalSection
EndGlobal
